
Microsoft Visual Studio Solution File, Format Version 12.00
# Visual Studio Version 16
VisualStudioVersion = 16.0.30002.166
MinimumVisualStudioVersion = 10.0.40219.1
Project("{9A19103F-16F7-4668-BE54-9A1E7A4F7556}") = "Test_File_Reader_1", "Test_File_Reader_1.csproj", "{96E0B3C9-0D86-4219-8B54-2C9CFA439D80}"
EndProject
Global
	GlobalSection(SolutionConfigurationPlatforms) = preSolution
		Debug|Any CPU = Debug|Any CPU
		Release|Any CPU = Release|Any CPU
	EndGlobalSection
	GlobalSection(ProjectConfigurationPlatforms) = postSolution
		{96E0B3C9-0D86-4219-8B54-2C9CFA439D80}.Debug|Any CPU.ActiveCfg = Debug|Any CPU
		{96E0B3C9-0D86-4219-8B54-2C9CFA439D80}.Debug|Any CPU.Build.0 = Debug|Any CPU
		{96E0B3C9-0D86-4219-8B54-2C9CFA439D80}.Release|Any CPU.ActiveCfg = Release|Any CPU
		{96E0B3C9-0D86-4219-8B54-2C9CFA439D80}.Release|Any CPU.Build.0 = Release|Any CPU
	EndGlobalSection
	GlobalSection(SolutionProperties) = preSolution
		HideSolutionNode = FALSE
	EndGlobalSection
	GlobalSection(ExtensibilityGlobals) = postSolution
		SolutionGuid = {4497551D-BEF5-4690-93B0-96502155FF7E}
	EndGlobalSection
EndGlobal
